{
  "nodes": {
    "nixpkgs": {
      "locked": {
        "lastModified": 1716044191,
        "narHash": "sha256-V/JRCf9iOKGMmmMCs/K1n+vOP01Y7ZPJntHXxDEvzWM=",
        "owner": "NixOS",
        "repo": "nixpkgs",
        "rev": "fdfdc52e33e11634eb7b37f65e96e63d1beb7e45",
        "type": "github"
      },
      "original": {
        "owner": "NixOS",
        "ref": "master",
        "repo": "nixpkgs",
        "type": "github"
      }
    },
    "root": {
      "inputs": {
        "nixpkgs": "nixpkgs"
      }
    }
  },
  "root": "root",
  "version": 7
}
