{
  "nodes": {
    "nixpkgs": {
      "locked": {
        "lastModified": 1716044191,
        "narHash": "sha256-V/JRCf9iOKGMmmMCs/K1n+vOP01Y7ZPJntHXxDEvzWM=",
        "owner": "NixOS",
        "repo": "nixpkgs",
        "rev": "fdfdc52e33e11634eb7b37f65e96e63d1beb7e45",
        "type": "github"
      },
      "original": {
        "owner": "NixOS",
        "ref": "master",
        "repo": "nixpkgs",
        "type": "github"
      }
    },
    "root": {
      "inputs": {
        "nixpkgs": "nixpkgs",
        "zapretsrc": "zapretsrc"
      }
    },
    "zapretsrc": {
      "flake": false,
      "locked": {
        "lastModified": 1724482660,
        "narHash": "sha256-f6OGjtTMqOA/ucCCU/Kx/QGxOmtdco+dmK2kS34nI4I=",
        "owner": "bol-van",
        "repo": "zapret",
        "rev": "041e797c3e32cd9a3a33bfa8e7ff913b3db12629",
        "type": "github"
      },
      "original": {
        "owner": "bol-van",
        "repo": "zapret",
        "type": "github"
      }
    }
  },
  "root": "root",
  "version": 7
}
