{
  "nodes": {
    "nixpkgs": {
      "locked": {
        "lastModified": 1716044191,
        "narHash": "sha256-V/JRCf9iOKGMmmMCs/K1n+vOP01Y7ZPJntHXxDEvzWM=",
        "owner": "NixOS",
        "repo": "nixpkgs",
        "rev": "fdfdc52e33e11634eb7b37f65e96e63d1beb7e45",
        "type": "github"
      },
      "original": {
        "owner": "NixOS",
        "ref": "master",
        "repo": "nixpkgs",
        "type": "github"
      }
    },
    "root": {
      "inputs": {
        "nixpkgs": "nixpkgs",
        "zapret-src": "zapret-src"
      }
    },
    "zapret-src": {
      "flake": false,
      "locked": {
        "lastModified": 1724486371,
        "narHash": "sha256-wnjRnUhdPBHrrk+LwhEbmKm1OyfwcLCbf2H4morw5vY=",
        "owner": "bol-van",
        "repo": "zapret",
        "rev": "faea968cd4ab24887236051ad4bcbbd0a824c734",
        "type": "github"
      },
      "original": {
        "owner": "bol-van",
        "repo": "zapret",
        "type": "github"
      }
    }
  },
  "root": "root",
  "version": 7
}
